
Microsoft Visual Studio Solution File, Format Version 12.00
# Visual Studio 2012
Project("{FAE04EC0-301F-11D3-BF4B-00C04F79EFBC}") = "TeachingAldo", "TeachingAldo\TeachingAldo.csproj", "{9727BE22-9F0E-4D3B-A58A-E20A4A2C8754}"
EndProject
Global
	GlobalSection(SolutionConfigurationPlatforms) = preSolution
		Debug|Any CPU = Debug|Any CPU
		Release|Any CPU = Release|Any CPU
	EndGlobalSection
	GlobalSection(ProjectConfigurationPlatforms) = postSolution
		{9727BE22-9F0E-4D3B-A58A-E20A4A2C8754}.Debug|Any CPU.ActiveCfg = Debug|Any CPU
		{9727BE22-9F0E-4D3B-A58A-E20A4A2C8754}.Debug|Any CPU.Build.0 = Debug|Any CPU
		{9727BE22-9F0E-4D3B-A58A-E20A4A2C8754}.Release|Any CPU.ActiveCfg = Release|Any CPU
		{9727BE22-9F0E-4D3B-A58A-E20A4A2C8754}.Release|Any CPU.Build.0 = Release|Any CPU
	EndGlobalSection
	GlobalSection(SolutionProperties) = preSolution
		HideSolutionNode = FALSE
	EndGlobalSection
EndGlobal
